{
  "requires": true,
  "lockfileVersion": 1,
  "dependencies": {
    "vue2-smooth-scroll": {
      "version": "1.5.1",
      "resolved": "https://registry.npmjs.org/vue2-smooth-scroll/-/vue2-smooth-scroll-1.5.1.tgz",
      "integrity": "sha512-oiDgdOQZf+6lKs+8yFD63i6LepLcUJVGc1CYJmYRzag7n2fQ3ywJAVn9jaqL2AVpDV1v1qNYQETcdAjVUpSB1g=="
    }
  }
}
